{
  "nodes": {
    "disko": {
      "inputs": {
        "nixpkgs": [
          "nixpkgs-unstable"
        ]
      },
      "locked": {
        "lastModified": 1765326679,
        "narHash": "sha256-fTLX9kDwLr9Y0rH/nG+h1XG5UU+jBcy0PFYn5eneRX8=",
        "owner": "nix-community",
        "repo": "disko",
        "rev": "d64e5cdca35b5fad7c504f615357a7afe6d9c49e",
        "type": "github"
      },
      "original": {
        "owner": "nix-community",
        "repo": "disko",
        "type": "github"
      }
    },
    "dnscrypt-hagezi": {
      "flake": false,
      "locked": {
        "narHash": "sha256-HLVXe9okVEzXJ4x7GyR1vaMB4JdCvGvZgar3+hAMY20=",
        "type": "file",
        "url": "https://cdn.jsdelivr.net/gh/hagezi/dns-blocklists@latest/wildcard/pro-onlydomains.txt"
      },
      "original": {
        "type": "file",
        "url": "https://cdn.jsdelivr.net/gh/hagezi/dns-blocklists@latest/wildcard/pro-onlydomains.txt"
      }
    },
    "dnscrypt-hagezi-tif": {
      "flake": false,
      "locked": {
        "narHash": "sha256-rT7rt/KaXUJmJI1Flor8YewJMvKJ4b2/nDXYZF4dDYI=",
        "type": "file",
        "url": "https://cdn.jsdelivr.net/gh/hagezi/dns-blocklists@latest/wildcard/tif-onlydomains.txt"
      },
      "original": {
        "type": "file",
        "url": "https://cdn.jsdelivr.net/gh/hagezi/dns-blocklists@latest/wildcard/tif-onlydomains.txt"
      }
    },
    "dnscrypt-oisd": {
      "flake": false,
      "locked": {
        "narHash": "sha256-iIpUCKgABbf1bOQxeNJ3zwelRTfJpDFXuYKg0Y7qYL4=",
        "type": "file",
        "url": "https://big.oisd.nl/domainswild"
      },
      "original": {
        "type": "file",
        "url": "https://big.oisd.nl/domainswild"
      }
    },
    "dnscrypt-stevenblack": {
      "flake": false,
      "locked": {
        "narHash": "sha256-5oi/h72kdMgJA0tCeIIdTA3ESADFDfzuBFGgyA0btg4=",
        "type": "file",
        "url": "https://raw.githubusercontent.com/StevenBlack/hosts/master/hosts"
      },
      "original": {
        "type": "file",
        "url": "https://raw.githubusercontent.com/StevenBlack/hosts/master/hosts"
      }
    },
    "flake-parts": {
      "inputs": {
        "nixpkgs-lib": [
          "nixvim-config",
          "nixvim",
          "nixpkgs"
        ]
      },
      "locked": {
        "lastModified": 1763759067,
        "narHash": "sha256-LlLt2Jo/gMNYAwOgdRQBrsRoOz7BPRkzvNaI/fzXi2Q=",
        "owner": "hercules-ci",
        "repo": "flake-parts",
        "rev": "2cccadc7357c0ba201788ae99c4dfa90728ef5e0",
        "type": "github"
      },
      "original": {
        "owner": "hercules-ci",
        "repo": "flake-parts",
        "type": "github"
      }
    },
    "home-manager": {
      "inputs": {
        "nixpkgs": [
          "nixpkgs-unstable"
        ]
      },
      "locked": {
        "lastModified": 1765606130,
        "narHash": "sha256-KOP4QnkiRwiD5KEOr6ceF67rfTP1OqPmCCft6xDC3k4=",
        "owner": "nix-community",
        "repo": "home-manager",
        "rev": "d787ec69c3216ea33be1c0424fe65cb23aa8fb31",
        "type": "github"
      },
      "original": {
        "owner": "nix-community",
        "ref": "master",
        "repo": "home-manager",
        "type": "github"
      }
    },
    "nixpkgs": {
      "locked": {
        "lastModified": 1764950072,
        "narHash": "sha256-BmPWzogsG2GsXZtlT+MTcAWeDK5hkbGRZTeZNW42fwA=",
        "owner": "NixOS",
        "repo": "nixpkgs",
        "rev": "f61125a668a320878494449750330ca58b78c557",
        "type": "github"
      },
      "original": {
        "owner": "NixOS",
        "ref": "nixos-unstable",
        "repo": "nixpkgs",
        "type": "github"
      }
    },
    "nixpkgs-stable": {
      "locked": {
        "lastModified": 1765311797,
        "narHash": "sha256-mSD5Ob7a+T2RNjvPvOA1dkJHGVrNVl8ZOrAwBjKBDQo=",
        "owner": "NixOS",
        "repo": "nixpkgs",
        "rev": "09eb77e94fa25202af8f3e81ddc7353d9970ac1b",
        "type": "github"
      },
      "original": {
        "owner": "NixOS",
        "ref": "nixos-25.11",
        "repo": "nixpkgs",
        "type": "github"
      }
    },
    "nixpkgs-unstable": {
      "locked": {
        "lastModified": 1765472234,
        "narHash": "sha256-9VvC20PJPsleGMewwcWYKGzDIyjckEz8uWmT0vCDYK0=",
        "owner": "NixOS",
        "repo": "nixpkgs",
        "rev": "2fbfb1d73d239d2402a8fe03963e37aab15abe8b",
        "type": "github"
      },
      "original": {
        "owner": "NixOS",
        "ref": "nixos-unstable",
        "repo": "nixpkgs",
        "type": "github"
      }
    },
    "nixpkgs-veridian": {
      "locked": {
        "lastModified": 1757449999,
        "narHash": "sha256-XO/AuM+hpDRjjT4lGLDo7t4cjoYdUzekmC7OJMhKo5A=",
        "owner": "NixOS",
        "repo": "nixpkgs",
        "rev": "ffa8ef09b95be162416645fedeb87f51ad5cea9c",
        "type": "github"
      },
      "original": {
        "owner": "NixOS",
        "repo": "nixpkgs",
        "rev": "ffa8ef09b95be162416645fedeb87f51ad5cea9c",
        "type": "github"
      }
    },
    "nixpkgs_2": {
      "locked": {
        "lastModified": 1764947035,
        "narHash": "sha256-EYHSjVM4Ox4lvCXUMiKKs2vETUSL5mx+J2FfutM7T9w=",
        "owner": "NixOS",
        "repo": "nixpkgs",
        "rev": "a672be65651c80d3f592a89b3945466584a22069",
        "type": "github"
      },
      "original": {
        "owner": "NixOS",
        "ref": "nixpkgs-unstable",
        "repo": "nixpkgs",
        "type": "github"
      }
    },
    "nixpkgs_3": {
      "locked": {
        "lastModified": 1764947035,
        "narHash": "sha256-EYHSjVM4Ox4lvCXUMiKKs2vETUSL5mx+J2FfutM7T9w=",
        "owner": "NixOS",
        "repo": "nixpkgs",
        "rev": "a672be65651c80d3f592a89b3945466584a22069",
        "type": "github"
      },
      "original": {
        "owner": "NixOS",
        "ref": "nixpkgs-unstable",
        "repo": "nixpkgs",
        "type": "github"
      }
    },
    "nixvim": {
      "inputs": {
        "flake-parts": "flake-parts",
        "nixpkgs": "nixpkgs_2",
        "systems": "systems"
      },
      "locked": {
        "lastModified": 1765043977,
        "narHash": "sha256-Gcdn1s/ynXRFNqInTcYltAi1gqgmTKw8Hw6OSfFNWMY=",
        "owner": "nix-community",
        "repo": "nixvim",
        "rev": "b65233d5f9736cf8d8fe9d4652e1faf610b574bc",
        "type": "github"
      },
      "original": {
        "owner": "nix-community",
        "repo": "nixvim",
        "type": "github"
      }
    },
    "nixvim-config": {
      "inputs": {
        "nixpkgs": "nixpkgs",
        "nixpkgs-veridian": "nixpkgs-veridian",
        "nixvim": "nixvim"
      },
      "locked": {
        "lastModified": 1765078026,
        "narHash": "sha256-Vt5MupqwAgp5rlVBFhhlkaEYOyE/VznOrLNTRoVYsYo=",
        "owner": "AyushmaanAggarwal",
        "repo": "nixvim-config",
        "rev": "9a2f4b531340e665f02304803d9fb139cccd1e0f",
        "type": "github"
      },
      "original": {
        "owner": "AyushmaanAggarwal",
        "repo": "nixvim-config",
        "type": "github"
      }
    },
    "root": {
      "inputs": {
        "disko": "disko",
        "dnscrypt-hagezi": "dnscrypt-hagezi",
        "dnscrypt-hagezi-tif": "dnscrypt-hagezi-tif",
        "dnscrypt-oisd": "dnscrypt-oisd",
        "dnscrypt-stevenblack": "dnscrypt-stevenblack",
        "home-manager": "home-manager",
        "nixpkgs-stable": "nixpkgs-stable",
        "nixpkgs-unstable": "nixpkgs-unstable",
        "nixvim-config": "nixvim-config",
        "sops-nix": "sops-nix"
      }
    },
    "sops-nix": {
      "inputs": {
        "nixpkgs": "nixpkgs_3"
      },
      "locked": {
        "lastModified": 1765553226,
        "narHash": "sha256-Ii16Nq5jL2wURXpV3D3tOM3vPpbKh18roHLkyZCHK4Q=",
        "owner": "Mic92",
        "repo": "sops-nix",
        "rev": "496a6f625f63b780ce849891868f2fad22fd49c6",
        "type": "github"
      },
      "original": {
        "owner": "Mic92",
        "repo": "sops-nix",
        "type": "github"
      }
    },
    "systems": {
      "locked": {
        "lastModified": 1681028828,
        "narHash": "sha256-Vy1rq5AaRuLzOxct8nz4T6wlgyUR7zLU309k9mBC768=",
        "owner": "nix-systems",
        "repo": "default",
        "rev": "da67096a3b9bf56a91d16901293e51ba5b49a27e",
        "type": "github"
      },
      "original": {
        "owner": "nix-systems",
        "repo": "default",
        "type": "github"
      }
    }
  },
  "root": "root",
  "version": 7
}
